
Microsoft Visual Studio Solution File, Format Version 12.00
Project("{FAE04EC0-301F-11D3-BF4B-00C04F79EFBC}") = "MainApp", "MainApp\MainApp.csproj", "{EB5C5E52-C6D7-499A-BA91-724E311B6F0B}"
EndProject
Global
	GlobalSection(SolutionConfigurationPlatforms) = preSolution
		Debug|Any CPU = Debug|Any CPU
		Release|Any CPU = Release|Any CPU
	EndGlobalSection
	GlobalSection(ProjectConfigurationPlatforms) = postSolution
		{EB5C5E52-C6D7-499A-BA91-724E311B6F0B}.Debug|Any CPU.ActiveCfg = Debug|Any CPU
		{EB5C5E52-C6D7-499A-BA91-724E311B6F0B}.Debug|Any CPU.Build.0 = Debug|Any CPU
		{EB5C5E52-C6D7-499A-BA91-724E311B6F0B}.Release|Any CPU.ActiveCfg = Release|Any CPU
		{EB5C5E52-C6D7-499A-BA91-724E311B6F0B}.Release|Any CPU.Build.0 = Release|Any CPU
	EndGlobalSection
EndGlobal
